// !$*UTF8*$!
{
	archiveVersion = 1;
	classes = {
	};
	objectVersion = 56;
	objects = {

/* Begin PBXBuildFile section */
		D30C58082AB91A5300A86426 /* resizeImage.swift in Sources */ = {isa = PBXBuildFile; fileRef = D30C58072AB91A5300A86426 /* resizeImage.swift */; };
		D3163CEA2ABBC91B00BC5F63 /* exportAttachment.swift in Sources */ = {isa = PBXBuildFile; fileRef = D3163CE92ABBC91B00BC5F63 /* exportAttachment.swift */; };
		D33797EE2ABFA49800C5E6BC /* snakeToTitleCase.swift in Sources */ = {isa = PBXBuildFile; fileRef = D33797ED2ABFA49800C5E6BC /* snakeToTitleCase.swift */; };
		D33AB53B2AB8C8F400B49922 /* getCustomIcon.swift in Sources */ = {isa = PBXBuildFile; fileRef = D33AB53A2AB8C8F400B49922 /* getCustomIcon.swift */; };
		D34E55BA2AB8914400151B95 /* SwiftCSV in Frameworks */ = {isa = PBXBuildFile; productRef = D34E55B92AB8914400151B95 /* SwiftCSV */; };
		D369F4692AB7BE1A00D8C6B1 /* AppSettings.swift in Sources */ = {isa = PBXBuildFile; fileRef = D369F4682AB7BE1A00D8C6B1 /* AppSettings.swift */; };
		D369F46C2AB87CEA00D8C6B1 /* exportCSV.swift in Sources */ = {isa = PBXBuildFile; fileRef = D369F46B2AB87CEA00D8C6B1 /* exportCSV.swift */; };
		D369F46E2AB8838300D8C6B1 /* importCSV.swift in Sources */ = {isa = PBXBuildFile; fileRef = D369F46D2AB8838300D8C6B1 /* importCSV.swift */; };
		D39942B92AB5095B00B2DC39 /* Preview Assets.xcassets in Resources */ = {isa = PBXBuildFile; fileRef = D39942B82AB5095B00B2DC39 /* Preview Assets.xcassets */; };
		D39942D42AB509AF00B2DC39 /* ValetApp.swift in Sources */ = {isa = PBXBuildFile; fileRef = D39942C02AB509AE00B2DC39 /* ValetApp.swift */; };
		D39942D52AB509AF00B2DC39 /* ViewModes.swift in Sources */ = {isa = PBXBuildFile; fileRef = D39942C22AB509AE00B2DC39 /* ViewModes.swift */; };
		D39942D62AB509AF00B2DC39 /* FilePicker.swift in Sources */ = {isa = PBXBuildFile; fileRef = D39942C42AB509AE00B2DC39 /* FilePicker.swift */; };
		D39942D72AB509AF00B2DC39 /* Assets.xcassets in Resources */ = {isa = PBXBuildFile; fileRef = D39942C52AB509AE00B2DC39 /* Assets.xcassets */; };
		D39942D82AB509AF00B2DC39 /* LicenceInfo.swift in Sources */ = {isa = PBXBuildFile; fileRef = D39942C82AB509AE00B2DC39 /* LicenceInfo.swift */; };
		D39942DA2AB509AF00B2DC39 /* AddLicense.swift in Sources */ = {isa = PBXBuildFile; fileRef = D39942CA2AB509AE00B2DC39 /* AddLicense.swift */; };
		D39942DB2AB509AF00B2DC39 /* LicenseList.swift in Sources */ = {isa = PBXBuildFile; fileRef = D39942CB2AB509AE00B2DC39 /* LicenseList.swift */; };
		D39942DC2AB509AF00B2DC39 /* ContentView.swift in Sources */ = {isa = PBXBuildFile; fileRef = D39942CC2AB509AE00B2DC39 /* ContentView.swift */; };
		D39942DD2AB509AF00B2DC39 /* InstalledApp.swift in Sources */ = {isa = PBXBuildFile; fileRef = D39942CE2AB509AE00B2DC39 /* InstalledApp.swift */; };
		D39942DE2AB509AF00B2DC39 /* License.swift in Sources */ = {isa = PBXBuildFile; fileRef = D39942CF2AB509AE00B2DC39 /* License.swift */; };
		D39942DF2AB509AF00B2DC39 /* getNSImageAsData.swift in Sources */ = {isa = PBXBuildFile; fileRef = D39942D12AB509AF00B2DC39 /* getNSImageAsData.swift */; };
		D39942E02AB509AF00B2DC39 /* getInstalledApps.swift in Sources */ = {isa = PBXBuildFile; fileRef = D39942D22AB509AF00B2DC39 /* getInstalledApps.swift */; };
		D39942E12AB509AF00B2DC39 /* getAppIcon.swift in Sources */ = {isa = PBXBuildFile; fileRef = D39942D32AB509AF00B2DC39 /* getAppIcon.swift */; };
		D3B08F832AB6A5FD004715F5 /* MarkdownUI in Frameworks */ = {isa = PBXBuildFile; productRef = D3B08F822AB6A5FD004715F5 /* MarkdownUI */; };
		D3B08F892AB6A8D4004715F5 /* AlertToast in Frameworks */ = {isa = PBXBuildFile; productRef = D3B08F882AB6A8D4004715F5 /* AlertToast */; };
		D3C6503B2AB74CF300E75461 /* MenuBar.swift in Sources */ = {isa = PBXBuildFile; fileRef = D3C6503A2AB74CF300E75461 /* MenuBar.swift */; };
		D3CFBECF2ABB82A600C1D4BC /* Attachment.swift in Sources */ = {isa = PBXBuildFile; fileRef = D3CFBECE2ABB82A600C1D4BC /* Attachment.swift */; };
		D3CFBED22ABB82C700C1D4BC /* addAttachment.swift in Sources */ = {isa = PBXBuildFile; fileRef = D3CFBED12ABB82C700C1D4BC /* addAttachment.swift */; };
		D3CFBED42ABB841D00C1D4BC /* Tag.swift in Sources */ = {isa = PBXBuildFile; fileRef = D3CFBED32ABB841D00C1D4BC /* Tag.swift */; };
		D3F4B6EC2ABA25D3002AFDFD /* Sidebar.swift in Sources */ = {isa = PBXBuildFile; fileRef = D3F4B6EB2ABA25D3002AFDFD /* Sidebar.swift */; };
/* End PBXBuildFile section */

/* Begin PBXFileReference section */
		D30C58072AB91A5300A86426 /* resizeImage.swift */ = {isa = PBXFileReference; lastKnownFileType = sourcecode.swift; path = resizeImage.swift; sourceTree = "<group>"; };
		D3163CE92ABBC91B00BC5F63 /* exportAttachment.swift */ = {isa = PBXFileReference; lastKnownFileType = sourcecode.swift; path = exportAttachment.swift; sourceTree = "<group>"; };
		D33797ED2ABFA49800C5E6BC /* snakeToTitleCase.swift */ = {isa = PBXFileReference; lastKnownFileType = sourcecode.swift; path = snakeToTitleCase.swift; sourceTree = "<group>"; };
		D33AB53A2AB8C8F400B49922 /* getCustomIcon.swift */ = {isa = PBXFileReference; lastKnownFileType = sourcecode.swift; path = getCustomIcon.swift; sourceTree = "<group>"; };
		D369F4682AB7BE1A00D8C6B1 /* AppSettings.swift */ = {isa = PBXFileReference; lastKnownFileType = sourcecode.swift; path = AppSettings.swift; sourceTree = "<group>"; };
		D369F46B2AB87CEA00D8C6B1 /* exportCSV.swift */ = {isa = PBXFileReference; lastKnownFileType = sourcecode.swift; path = exportCSV.swift; sourceTree = "<group>"; };
		D369F46D2AB8838300D8C6B1 /* importCSV.swift */ = {isa = PBXFileReference; lastKnownFileType = sourcecode.swift; path = importCSV.swift; sourceTree = "<group>"; };
		D39697912ABCCB8C00A9F664 /* PrivacyInfo.xcprivacy */ = {isa = PBXFileReference; lastKnownFileType = text.xml; name = PrivacyInfo.xcprivacy; path = Valet/PrivacyInfo.xcprivacy; sourceTree = SOURCE_ROOT; };
		D39942AC2AB5095A00B2DC39 /* Valet.app */ = {isa = PBXFileReference; explicitFileType = wrapper.application; includeInIndex = 0; path = Valet.app; sourceTree = BUILT_PRODUCTS_DIR; };
		D39942B82AB5095B00B2DC39 /* Preview Assets.xcassets */ = {isa = PBXFileReference; lastKnownFileType = folder.assetcatalog; path = "Preview Assets.xcassets"; sourceTree = "<group>"; };
		D39942BA2AB5095B00B2DC39 /* Valet.entitlements */ = {isa = PBXFileReference; lastKnownFileType = text.plist.entitlements; path = Valet.entitlements; sourceTree = "<group>"; };
		D39942C02AB509AE00B2DC39 /* ValetApp.swift */ = {isa = PBXFileReference; fileEncoding = 4; lastKnownFileType = sourcecode.swift; path = ValetApp.swift; sourceTree = "<group>"; };
		D39942C22AB509AE00B2DC39 /* ViewModes.swift */ = {isa = PBXFileReference; fileEncoding = 4; lastKnownFileType = sourcecode.swift; path = ViewModes.swift; sourceTree = "<group>"; };
		D39942C42AB509AE00B2DC39 /* FilePicker.swift */ = {isa = PBXFileReference; fileEncoding = 4; lastKnownFileType = sourcecode.swift; path = FilePicker.swift; sourceTree = "<group>"; };
		D39942C52AB509AE00B2DC39 /* Assets.xcassets */ = {isa = PBXFileReference; lastKnownFileType = folder.assetcatalog; path = Assets.xcassets; sourceTree = "<group>"; };
		D39942C82AB509AE00B2DC39 /* LicenceInfo.swift */ = {isa = PBXFileReference; fileEncoding = 4; lastKnownFileType = sourcecode.swift; path = LicenceInfo.swift; sourceTree = "<group>"; };
		D39942CA2AB509AE00B2DC39 /* AddLicense.swift */ = {isa = PBXFileReference; fileEncoding = 4; lastKnownFileType = sourcecode.swift; path = AddLicense.swift; sourceTree = "<group>"; };
		D39942CB2AB509AE00B2DC39 /* LicenseList.swift */ = {isa = PBXFileReference; fileEncoding = 4; lastKnownFileType = sourcecode.swift; path = LicenseList.swift; sourceTree = "<group>"; };
		D39942CC2AB509AE00B2DC39 /* ContentView.swift */ = {isa = PBXFileReference; fileEncoding = 4; lastKnownFileType = sourcecode.swift; path = ContentView.swift; sourceTree = "<group>"; };
		D39942CE2AB509AE00B2DC39 /* InstalledApp.swift */ = {isa = PBXFileReference; fileEncoding = 4; lastKnownFileType = sourcecode.swift; path = InstalledApp.swift; sourceTree = "<group>"; };
		D39942CF2AB509AE00B2DC39 /* License.swift */ = {isa = PBXFileReference; fileEncoding = 4; lastKnownFileType = sourcecode.swift; path = License.swift; sourceTree = "<group>"; };
		D39942D12AB509AF00B2DC39 /* getNSImageAsData.swift */ = {isa = PBXFileReference; fileEncoding = 4; lastKnownFileType = sourcecode.swift; path = getNSImageAsData.swift; sourceTree = "<group>"; };
		D39942D22AB509AF00B2DC39 /* getInstalledApps.swift */ = {isa = PBXFileReference; fileEncoding = 4; lastKnownFileType = sourcecode.swift; path = getInstalledApps.swift; sourceTree = "<group>"; };
		D39942D32AB509AF00B2DC39 /* getAppIcon.swift */ = {isa = PBXFileReference; fileEncoding = 4; lastKnownFileType = sourcecode.swift; path = getAppIcon.swift; sourceTree = "<group>"; };
		D3C6503A2AB74CF300E75461 /* MenuBar.swift */ = {isa = PBXFileReference; lastKnownFileType = sourcecode.swift; path = MenuBar.swift; sourceTree = "<group>"; };
		D3CFBECE2ABB82A600C1D4BC /* Attachment.swift */ = {isa = PBXFileReference; fileEncoding = 4; lastKnownFileType = sourcecode.swift; path = Attachment.swift; sourceTree = "<group>"; };
		D3CFBED12ABB82C700C1D4BC /* addAttachment.swift */ = {isa = PBXFileReference; fileEncoding = 4; lastKnownFileType = sourcecode.swift; path = addAttachment.swift; sourceTree = "<group>"; };
		D3CFBED32ABB841D00C1D4BC /* Tag.swift */ = {isa = PBXFileReference; lastKnownFileType = sourcecode.swift; path = Tag.swift; sourceTree = "<group>"; };
		D3F4B6EB2ABA25D3002AFDFD /* Sidebar.swift */ = {isa = PBXFileReference; lastKnownFileType = sourcecode.swift; path = Sidebar.swift; sourceTree = "<group>"; };
/* End PBXFileReference section */

/* Begin PBXFrameworksBuildPhase section */
		D39942A92AB5095A00B2DC39 /* Frameworks */ = {
			isa = PBXFrameworksBuildPhase;
			buildActionMask = 2147483647;
			files = (
				D34E55BA2AB8914400151B95 /* SwiftCSV in Frameworks */,
				D3B08F832AB6A5FD004715F5 /* MarkdownUI in Frameworks */,
				D3B08F892AB6A8D4004715F5 /* AlertToast in Frameworks */,
			);
			runOnlyForDeploymentPostprocessing = 0;
		};
/* End PBXFrameworksBuildPhase section */

/* Begin PBXGroup section */
		D33AB53C2AB8C95300B49922 /* AppIcons */ = {
			isa = PBXGroup;
			children = (
				D39942D32AB509AF00B2DC39 /* getAppIcon.swift */,
				D33AB53A2AB8C8F400B49922 /* getCustomIcon.swift */,
				D39942D12AB509AF00B2DC39 /* getNSImageAsData.swift */,
				D30C58072AB91A5300A86426 /* resizeImage.swift */,
			);
			path = AppIcons;
			sourceTree = "<group>";
		};
		D369F46A2AB87CC600D8C6B1 /* CSV */ = {
			isa = PBXGroup;
			children = (
				D369F46B2AB87CEA00D8C6B1 /* exportCSV.swift */,
				D369F46D2AB8838300D8C6B1 /* importCSV.swift */,
			);
			path = CSV;
			sourceTree = "<group>";
		};
		D39942A32AB5095A00B2DC39 = {
			isa = PBXGroup;
			children = (
				D39942AE2AB5095A00B2DC39 /* Valet */,
				D39942AD2AB5095A00B2DC39 /* Products */,
			);
			sourceTree = "<group>";
		};
		D39942AD2AB5095A00B2DC39 /* Products */ = {
			isa = PBXGroup;
			children = (
				D39942AC2AB5095A00B2DC39 /* Valet.app */,
			);
			name = Products;
			sourceTree = "<group>";
		};
		D39942AE2AB5095A00B2DC39 /* Valet */ = {
			isa = PBXGroup;
			children = (
				D39942C52AB509AE00B2DC39 /* Assets.xcassets */,
				D39942C02AB509AE00B2DC39 /* ValetApp.swift */,
				D3C6503A2AB74CF300E75461 /* MenuBar.swift */,
				D39697912ABCCB8C00A9F664 /* PrivacyInfo.xcprivacy */,
				D39942C32AB509AE00B2DC39 /* Extensions */,
				D39942D02AB509AF00B2DC39 /* Logic */,
				D39942CD2AB509AE00B2DC39 /* Models */,
				D39942C12AB509AE00B2DC39 /* ViewModels */,
				D39942C62AB509AE00B2DC39 /* Views */,
				D39942BA2AB5095B00B2DC39 /* Valet.entitlements */,
				D39942B72AB5095B00B2DC39 /* Preview Content */,
			);
			path = Valet;
			sourceTree = "<group>";
		};
		D39942B72AB5095B00B2DC39 /* Preview Content */ = {
			isa = PBXGroup;
			children = (
				D39942B82AB5095B00B2DC39 /* Preview Assets.xcassets */,
			);
			path = "Preview Content";
			sourceTree = "<group>";
		};
		D39942C12AB509AE00B2DC39 /* ViewModels */ = {
			isa = PBXGroup;
			children = (
				D39942C22AB509AE00B2DC39 /* ViewModes.swift */,
			);
			path = ViewModels;
			sourceTree = "<group>";
		};
		D39942C32AB509AE00B2DC39 /* Extensions */ = {
			isa = PBXGroup;
			children = (
				D39942C42AB509AE00B2DC39 /* FilePicker.swift */,
			);
			path = Extensions;
			sourceTree = "<group>";
		};
		D39942C62AB509AE00B2DC39 /* Views */ = {
			isa = PBXGroup;
			children = (
				D39942C72AB509AE00B2DC39 /* License */,
				D39942CC2AB509AE00B2DC39 /* ContentView.swift */,
				D369F4682AB7BE1A00D8C6B1 /* AppSettings.swift */,
				D3F4B6EB2ABA25D3002AFDFD /* Sidebar.swift */,
			);
			path = Views;
			sourceTree = "<group>";
		};
		D39942C72AB509AE00B2DC39 /* License */ = {
			isa = PBXGroup;
			children = (
				D39942CB2AB509AE00B2DC39 /* LicenseList.swift */,
				D39942C82AB509AE00B2DC39 /* LicenceInfo.swift */,
				D39942CA2AB509AE00B2DC39 /* AddLicense.swift */,
			);
			path = License;
			sourceTree = "<group>";
		};
		D39942CD2AB509AE00B2DC39 /* Models */ = {
			isa = PBXGroup;
			children = (
				D39942CE2AB509AE00B2DC39 /* InstalledApp.swift */,
				D3CFBED52ABB848300C1D4BC /* Schema */,
			);
			path = Models;
			sourceTree = "<group>";
		};
		D39942D02AB509AF00B2DC39 /* Logic */ = {
			isa = PBXGroup;
			children = (
				D3CFBED02ABB82C700C1D4BC /* Attachments */,
				D33AB53C2AB8C95300B49922 /* AppIcons */,
				D369F46A2AB87CC600D8C6B1 /* CSV */,
				D39942D22AB509AF00B2DC39 /* getInstalledApps.swift */,
				D33797ED2ABFA49800C5E6BC /* snakeToTitleCase.swift */,
			);
			path = Logic;
			sourceTree = "<group>";
		};
		D3CFBED02ABB82C700C1D4BC /* Attachments */ = {
			isa = PBXGroup;
			children = (
				D3CFBED12ABB82C700C1D4BC /* addAttachment.swift */,
				D3163CE92ABBC91B00BC5F63 /* exportAttachment.swift */,
			);
			path = Attachments;
			sourceTree = "<group>";
		};
		D3CFBED52ABB848300C1D4BC /* Schema */ = {
			isa = PBXGroup;
			children = (
				D39942CF2AB509AE00B2DC39 /* License.swift */,
				D3CFBECE2ABB82A600C1D4BC /* Attachment.swift */,
				D3CFBED32ABB841D00C1D4BC /* Tag.swift */,
			);
			path = Schema;
			sourceTree = "<group>";
		};
/* End PBXGroup section */

/* Begin PBXNativeTarget section */
		D39942AB2AB5095A00B2DC39 /* Valet */ = {
			isa = PBXNativeTarget;
			buildConfigurationList = D39942BD2AB5095B00B2DC39 /* Build configuration list for PBXNativeTarget "Valet" */;
			buildPhases = (
				D39942A82AB5095A00B2DC39 /* Sources */,
				D39942A92AB5095A00B2DC39 /* Frameworks */,
				D39942AA2AB5095A00B2DC39 /* Resources */,
				D3163CE82ABBC0A300BC5F63 /* ShellScript */,
			);
			buildRules = (
			);
			dependencies = (
			);
			name = Valet;
			packageProductDependencies = (
				D3B08F822AB6A5FD004715F5 /* MarkdownUI */,
				D3B08F882AB6A8D4004715F5 /* AlertToast */,
				D34E55B92AB8914400151B95 /* SwiftCSV */,
			);
			productName = Valet;
			productReference = D39942AC2AB5095A00B2DC39 /* Valet.app */;
			productType = "com.apple.product-type.application";
		};
/* End PBXNativeTarget section */

/* Begin PBXProject section */
		D39942A42AB5095A00B2DC39 /* Project object */ = {
			isa = PBXProject;
			attributes = {
				BuildIndependentTargetsInParallel = 1;
				LastSwiftUpdateCheck = 1500;
				LastUpgradeCheck = 1500;
				TargetAttributes = {
					D39942AB2AB5095A00B2DC39 = {
						CreatedOnToolsVersion = 15.0;
						LastSwiftMigration = 1500;
					};
				};
			};
			buildConfigurationList = D39942A72AB5095A00B2DC39 /* Build configuration list for PBXProject "Valet" */;
			compatibilityVersion = "Xcode 14.0";
			developmentRegion = en;
			hasScannedForEncodings = 0;
			knownRegions = (
				en,
				Base,
			);
			mainGroup = D39942A32AB5095A00B2DC39;
			packageReferences = (
				D3B08F812AB6A5FD004715F5 /* XCRemoteSwiftPackageReference "swift-markdown-ui" */,
				D3B08F872AB6A8D4004715F5 /* XCRemoteSwiftPackageReference "AlertToast" */,
				D34E55B82AB8914400151B95 /* XCRemoteSwiftPackageReference "SwiftCSV" */,
			);
			productRefGroup = D39942AD2AB5095A00B2DC39 /* Products */;
			projectDirPath = "";
			projectRoot = "";
			targets = (
				D39942AB2AB5095A00B2DC39 /* Valet */,
			);
		};
/* End PBXProject section */

/* Begin PBXResourcesBuildPhase section */
		D39942AA2AB5095A00B2DC39 /* Resources */ = {
			isa = PBXResourcesBuildPhase;
			buildActionMask = 2147483647;
			files = (
				D39942D72AB509AF00B2DC39 /* Assets.xcassets in Resources */,
				D39942B92AB5095B00B2DC39 /* Preview Assets.xcassets in Resources */,
			);
			runOnlyForDeploymentPostprocessing = 0;
		};
/* End PBXResourcesBuildPhase section */

/* Begin PBXShellScriptBuildPhase section */
		D3163CE82ABBC0A300BC5F63 /* ShellScript */ = {
			isa = PBXShellScriptBuildPhase;
			alwaysOutOfDate = 1;
			buildActionMask = 2147483647;
			files = (
			);
			inputFileListPaths = (
			);
			inputPaths = (
			);
			outputFileListPaths = (
			);
			outputPaths = (
			);
			runOnlyForDeploymentPostprocessing = 0;
			shellPath = /bin/sh;
			shellScript = "git=$(sh /etc/profile; which git)\nnumber_of_commits=$(\"$git\" rev-list HEAD --count)\ngit_release_version=$(\"$git\" describe --tags --always --abbrev=0)\n\ntarget_plist=\"$TARGET_BUILD_DIR/$INFOPLIST_PATH\"\ndsym_plist=\"$DWARF_DSYM_FOLDER_PATH/$DWARF_DSYM_FILE_NAME/Contents/Info.plist\"\n\nfor plist in \"$target_plist\" \"$dsym_plist\"; do\n  if [ -f \"$plist\" ]; then\n    /usr/libexec/PlistBuddy -c \"Set :CFBundleVersion $number_of_commits\" \"$plist\"\n    /usr/libexec/PlistBuddy -c \"Set :CFBundleShortVersionString ${git_release_version#*v}\" \"$plist\"\n  fi\ndone\n";
			showEnvVarsInLog = 0;
		};
/* End PBXShellScriptBuildPhase section */

/* Begin PBXSourcesBuildPhase section */
		D39942A82AB5095A00B2DC39 /* Sources */ = {
			isa = PBXSourcesBuildPhase;
			buildActionMask = 2147483647;
			files = (
				D3CFBECF2ABB82A600C1D4BC /* Attachment.swift in Sources */,
				D39942DA2AB509AF00B2DC39 /* AddLicense.swift in Sources */,
				D39942DD2AB509AF00B2DC39 /* InstalledApp.swift in Sources */,
				D39942E12AB509AF00B2DC39 /* getAppIcon.swift in Sources */,
				D39942DC2AB509AF00B2DC39 /* ContentView.swift in Sources */,
				D30C58082AB91A5300A86426 /* resizeImage.swift in Sources */,
				D39942D62AB509AF00B2DC39 /* FilePicker.swift in Sources */,
				D39942D42AB509AF00B2DC39 /* ValetApp.swift in Sources */,
				D39942DF2AB509AF00B2DC39 /* getNSImageAsData.swift in Sources */,
				D39942D52AB509AF00B2DC39 /* ViewModes.swift in Sources */,
				D3F4B6EC2ABA25D3002AFDFD /* Sidebar.swift in Sources */,
				D3163CEA2ABBC91B00BC5F63 /* exportAttachment.swift in Sources */,
				D369F4692AB7BE1A00D8C6B1 /* AppSettings.swift in Sources */,
				D33AB53B2AB8C8F400B49922 /* getCustomIcon.swift in Sources */,
				D3CFBED42ABB841D00C1D4BC /* Tag.swift in Sources */,
				D39942DE2AB509AF00B2DC39 /* License.swift in Sources */,
				D39942E02AB509AF00B2DC39 /* getInstalledApps.swift in Sources */,
				D39942DB2AB509AF00B2DC39 /* LicenseList.swift in Sources */,
				D369F46C2AB87CEA00D8C6B1 /* exportCSV.swift in Sources */,
				D3C6503B2AB74CF300E75461 /* MenuBar.swift in Sources */,
				D33797EE2ABFA49800C5E6BC /* snakeToTitleCase.swift in Sources */,
				D39942D82AB509AF00B2DC39 /* LicenceInfo.swift in Sources */,
				D3CFBED22ABB82C700C1D4BC /* addAttachment.swift in Sources */,
				D369F46E2AB8838300D8C6B1 /* importCSV.swift in Sources */,
			);
			runOnlyForDeploymentPostprocessing = 0;
		};
/* End PBXSourcesBuildPhase section */

/* Begin XCBuildConfiguration section */
		D39942BB2AB5095B00B2DC39 /* Debug */ = {
			isa = XCBuildConfiguration;
			buildSettings = {
				ALWAYS_SEARCH_USER_PATHS = NO;
				ASSETCATALOG_COMPILER_GENERATE_SWIFT_ASSET_SYMBOL_EXTENSIONS = YES;
				CLANG_ANALYZER_NONNULL = YES;
				CLANG_ANALYZER_NUMBER_OBJECT_CONVERSION = YES_AGGRESSIVE;
				CLANG_CXX_LANGUAGE_STANDARD = "gnu++20";
				CLANG_ENABLE_MODULES = YES;
				CLANG_ENABLE_OBJC_ARC = YES;
				CLANG_ENABLE_OBJC_WEAK = YES;
				CLANG_WARN_BLOCK_CAPTURE_AUTORELEASING = YES;
				CLANG_WARN_BOOL_CONVERSION = YES;
				CLANG_WARN_COMMA = YES;
				CLANG_WARN_CONSTANT_CONVERSION = YES;
				CLANG_WARN_DEPRECATED_OBJC_IMPLEMENTATIONS = YES;
				CLANG_WARN_DIRECT_OBJC_ISA_USAGE = YES_ERROR;
				CLANG_WARN_DOCUMENTATION_COMMENTS = YES;
				CLANG_WARN_EMPTY_BODY = YES;
				CLANG_WARN_ENUM_CONVERSION = YES;
				CLANG_WARN_INFINITE_RECURSION = YES;
				CLANG_WARN_INT_CONVERSION = YES;
				CLANG_WARN_NON_LITERAL_NULL_CONVERSION = YES;
				CLANG_WARN_OBJC_IMPLICIT_RETAIN_SELF = YES;
				CLANG_WARN_OBJC_LITERAL_CONVERSION = YES;
				CLANG_WARN_OBJC_ROOT_CLASS = YES_ERROR;
				CLANG_WARN_QUOTED_INCLUDE_IN_FRAMEWORK_HEADER = YES;
				CLANG_WARN_RANGE_LOOP_ANALYSIS = YES;
				CLANG_WARN_STRICT_PROTOTYPES = YES;
				CLANG_WARN_SUSPICIOUS_MOVE = YES;
				CLANG_WARN_UNGUARDED_AVAILABILITY = YES_AGGRESSIVE;
				CLANG_WARN_UNREACHABLE_CODE = YES;
				CLANG_WARN__DUPLICATE_METHOD_MATCH = YES;
				COPY_PHASE_STRIP = NO;
				DEBUG_INFORMATION_FORMAT = dwarf;
				ENABLE_STRICT_OBJC_MSGSEND = YES;
				ENABLE_TESTABILITY = YES;
				ENABLE_USER_SCRIPT_SANDBOXING = YES;
				GCC_C_LANGUAGE_STANDARD = gnu17;
				GCC_DYNAMIC_NO_PIC = NO;
				GCC_NO_COMMON_BLOCKS = YES;
				GCC_OPTIMIZATION_LEVEL = 0;
				GCC_PREPROCESSOR_DEFINITIONS = (
					"DEBUG=1",
					"$(inherited)",
				);
				GCC_WARN_64_TO_32_BIT_CONVERSION = YES;
				GCC_WARN_ABOUT_RETURN_TYPE = YES_ERROR;
				GCC_WARN_UNDECLARED_SELECTOR = YES;
				GCC_WARN_UNINITIALIZED_AUTOS = YES_AGGRESSIVE;
				GCC_WARN_UNUSED_FUNCTION = YES;
				GCC_WARN_UNUSED_VARIABLE = YES;
				LOCALIZATION_PREFERS_STRING_CATALOGS = YES;
				MACOSX_DEPLOYMENT_TARGET = 14.0;
				MTL_ENABLE_DEBUG_INFO = INCLUDE_SOURCE;
				MTL_FAST_MATH = YES;
				ONLY_ACTIVE_ARCH = YES;
				SDKROOT = macosx;
				SWIFT_ACTIVE_COMPILATION_CONDITIONS = "DEBUG $(inherited)";
				SWIFT_OPTIMIZATION_LEVEL = "-Onone";
			};
			name = Debug;
		};
		D39942BC2AB5095B00B2DC39 /* Release */ = {
			isa = XCBuildConfiguration;
			buildSettings = {
				ALWAYS_SEARCH_USER_PATHS = NO;
				ASSETCATALOG_COMPILER_GENERATE_SWIFT_ASSET_SYMBOL_EXTENSIONS = YES;
				CLANG_ANALYZER_NONNULL = YES;
				CLANG_ANALYZER_NUMBER_OBJECT_CONVERSION = YES_AGGRESSIVE;
				CLANG_CXX_LANGUAGE_STANDARD = "gnu++20";
				CLANG_ENABLE_MODULES = YES;
				CLANG_ENABLE_OBJC_ARC = YES;
				CLANG_ENABLE_OBJC_WEAK = YES;
				CLANG_WARN_BLOCK_CAPTURE_AUTORELEASING = YES;
				CLANG_WARN_BOOL_CONVERSION = YES;
				CLANG_WARN_COMMA = YES;
				CLANG_WARN_CONSTANT_CONVERSION = YES;
				CLANG_WARN_DEPRECATED_OBJC_IMPLEMENTATIONS = YES;
				CLANG_WARN_DIRECT_OBJC_ISA_USAGE = YES_ERROR;
				CLANG_WARN_DOCUMENTATION_COMMENTS = YES;
				CLANG_WARN_EMPTY_BODY = YES;
				CLANG_WARN_ENUM_CONVERSION = YES;
				CLANG_WARN_INFINITE_RECURSION = YES;
				CLANG_WARN_INT_CONVERSION = YES;
				CLANG_WARN_NON_LITERAL_NULL_CONVERSION = YES;
				CLANG_WARN_OBJC_IMPLICIT_RETAIN_SELF = YES;
				CLANG_WARN_OBJC_LITERAL_CONVERSION = YES;
				CLANG_WARN_OBJC_ROOT_CLASS = YES_ERROR;
				CLANG_WARN_QUOTED_INCLUDE_IN_FRAMEWORK_HEADER = YES;
				CLANG_WARN_RANGE_LOOP_ANALYSIS = YES;
				CLANG_WARN_STRICT_PROTOTYPES = YES;
				CLANG_WARN_SUSPICIOUS_MOVE = YES;
				CLANG_WARN_UNGUARDED_AVAILABILITY = YES_AGGRESSIVE;
				CLANG_WARN_UNREACHABLE_CODE = YES;
				CLANG_WARN__DUPLICATE_METHOD_MATCH = YES;
				COPY_PHASE_STRIP = NO;
				DEBUG_INFORMATION_FORMAT = "dwarf-with-dsym";
				ENABLE_NS_ASSERTIONS = NO;
				ENABLE_STRICT_OBJC_MSGSEND = YES;
				ENABLE_USER_SCRIPT_SANDBOXING = YES;
				GCC_C_LANGUAGE_STANDARD = gnu17;
				GCC_NO_COMMON_BLOCKS = YES;
				GCC_WARN_64_TO_32_BIT_CONVERSION = YES;
				GCC_WARN_ABOUT_RETURN_TYPE = YES_ERROR;
				GCC_WARN_UNDECLARED_SELECTOR = YES;
				GCC_WARN_UNINITIALIZED_AUTOS = YES_AGGRESSIVE;
				GCC_WARN_UNUSED_FUNCTION = YES;
				GCC_WARN_UNUSED_VARIABLE = YES;
				LOCALIZATION_PREFERS_STRING_CATALOGS = YES;
				MACOSX_DEPLOYMENT_TARGET = 14.0;
				MTL_ENABLE_DEBUG_INFO = NO;
				MTL_FAST_MATH = YES;
				SDKROOT = macosx;
				SWIFT_COMPILATION_MODE = wholemodule;
			};
			name = Release;
		};
		D39942BE2AB5095B00B2DC39 /* Debug */ = {
			isa = XCBuildConfiguration;
			buildSettings = {
				ASSETCATALOG_COMPILER_APPICON_NAME = AppIcon;
				ASSETCATALOG_COMPILER_GLOBAL_ACCENT_COLOR_NAME = AccentColor;
				CLANG_ENABLE_MODULES = YES;
				CODE_SIGN_ENTITLEMENTS = Valet/Valet.entitlements;
				CODE_SIGN_STYLE = Automatic;
				COMBINE_HIDPI_IMAGES = YES;
				CURRENT_PROJECT_VERSION = 1;
				DEVELOPMENT_ASSET_PATHS = "\"Valet/Preview Content\"";
				DEVELOPMENT_TEAM = B3DFV278UN;
				ENABLE_HARDENED_RUNTIME = NO;
				ENABLE_PREVIEWS = YES;
				GENERATE_INFOPLIST_FILE = YES;
				INFOPLIST_KEY_CFBundleDisplayName = Valet;
				INFOPLIST_KEY_LSApplicationCategoryType = "public.app-category.utilities";
				INFOPLIST_KEY_NSHumanReadableCopyright = "";
				LD_RUNPATH_SEARCH_PATHS = (
					"$(inherited)",
					"@executable_path/../Frameworks",
				);
				MACOSX_DEPLOYMENT_TARGET = 14.0;
				MARKETING_VERSION = 1.0;
				PRODUCT_BUNDLE_IDENTIFIER = com.ghalldev.Valet;
				PRODUCT_NAME = "$(TARGET_NAME)";
				SWIFT_EMIT_LOC_STRINGS = YES;
				SWIFT_OPTIMIZATION_LEVEL = "-Onone";
				SWIFT_VERSION = 5.0;
			};
			name = Debug;
		};
		D39942BF2AB5095B00B2DC39 /* Release */ = {
			isa = XCBuildConfiguration;
			buildSettings = {
				ASSETCATALOG_COMPILER_APPICON_NAME = AppIcon;
				ASSETCATALOG_COMPILER_GLOBAL_ACCENT_COLOR_NAME = AccentColor;
				CLANG_ENABLE_MODULES = YES;
				CODE_SIGN_ENTITLEMENTS = Valet/Valet.entitlements;
				CODE_SIGN_STYLE = Automatic;
				COMBINE_HIDPI_IMAGES = YES;
				CURRENT_PROJECT_VERSION = 1;
				DEVELOPMENT_ASSET_PATHS = "\"Valet/Preview Content\"";
				DEVELOPMENT_TEAM = B3DFV278UN;
				ENABLE_HARDENED_RUNTIME = NO;
				ENABLE_PREVIEWS = YES;
				GENERATE_INFOPLIST_FILE = YES;
				INFOPLIST_KEY_CFBundleDisplayName = Valet;
				INFOPLIST_KEY_LSApplicationCategoryType = "public.app-category.utilities";
				INFOPLIST_KEY_NSHumanReadableCopyright = "";
				LD_RUNPATH_SEARCH_PATHS = (
					"$(inherited)",
					"@executable_path/../Frameworks",
				);
				MACOSX_DEPLOYMENT_TARGET = 14.0;
				MARKETING_VERSION = 1.0;
				PRODUCT_BUNDLE_IDENTIFIER = com.ghalldev.Valet;
				PRODUCT_NAME = "$(TARGET_NAME)";
				SWIFT_EMIT_LOC_STRINGS = YES;
				SWIFT_VERSION = 5.0;
			};
			name = Release;
		};
/* End XCBuildConfiguration section */

/* Begin XCConfigurationList section */
		D39942A72AB5095A00B2DC39 /* Build configuration list for PBXProject "Valet" */ = {
			isa = XCConfigurationList;
			buildConfigurations = (
				D39942BB2AB5095B00B2DC39 /* Debug */,
				D39942BC2AB5095B00B2DC39 /* Release */,
			);
			defaultConfigurationIsVisible = 0;
			defaultConfigurationName = Release;
		};
		D39942BD2AB5095B00B2DC39 /* Build configuration list for PBXNativeTarget "Valet" */ = {
			isa = XCConfigurationList;
			buildConfigurations = (
				D39942BE2AB5095B00B2DC39 /* Debug */,
				D39942BF2AB5095B00B2DC39 /* Release */,
			);
			defaultConfigurationIsVisible = 0;
			defaultConfigurationName = Release;
		};
/* End XCConfigurationList section */

/* Begin XCRemoteSwiftPackageReference section */
		D34E55B82AB8914400151B95 /* XCRemoteSwiftPackageReference "SwiftCSV" */ = {
			isa = XCRemoteSwiftPackageReference;
			repositoryURL = "https://github.com/swiftcsv/SwiftCSV";
			requirement = {
				kind = upToNextMajorVersion;
				minimumVersion = 0.8.1;
			};
		};
		D3B08F812AB6A5FD004715F5 /* XCRemoteSwiftPackageReference "swift-markdown-ui" */ = {
			isa = XCRemoteSwiftPackageReference;
			repositoryURL = "https://github.com/gonzalezreal/swift-markdown-ui";
			requirement = {
				kind = upToNextMajorVersion;
				minimumVersion = 2.2.0;
			};
		};
		D3B08F872AB6A8D4004715F5 /* XCRemoteSwiftPackageReference "AlertToast" */ = {
			isa = XCRemoteSwiftPackageReference;
			repositoryURL = "https://github.com/elai950/AlertToast?source=post_page-----7f5c32cebed6--------------------------------";
			requirement = {
				kind = upToNextMajorVersion;
				minimumVersion = 1.3.9;
			};
		};
/* End XCRemoteSwiftPackageReference section */

/* Begin XCSwiftPackageProductDependency section */
		D34E55B92AB8914400151B95 /* SwiftCSV */ = {
			isa = XCSwiftPackageProductDependency;
			package = D34E55B82AB8914400151B95 /* XCRemoteSwiftPackageReference "SwiftCSV" */;
			productName = SwiftCSV;
		};
		D3B08F822AB6A5FD004715F5 /* MarkdownUI */ = {
			isa = XCSwiftPackageProductDependency;
			package = D3B08F812AB6A5FD004715F5 /* XCRemoteSwiftPackageReference "swift-markdown-ui" */;
			productName = MarkdownUI;
		};
		D3B08F882AB6A8D4004715F5 /* AlertToast */ = {
			isa = XCSwiftPackageProductDependency;
			package = D3B08F872AB6A8D4004715F5 /* XCRemoteSwiftPackageReference "AlertToast" */;
			productName = AlertToast;
		};
/* End XCSwiftPackageProductDependency section */
	};
	rootObject = D39942A42AB5095A00B2DC39 /* Project object */;
}
