// !$*UTF8*$!
{
	archiveVersion = 1;
	classes = {
	};
	objectVersion = 60;
	objects = {

/* Begin PBXBuildFile section */
		B0573CF92BB106AD00298E24 /* Localizable.xcstrings in Resources */ = {isa = PBXBuildFile; fileRef = B0573CF62BB103CF00298E24 /* Localizable.xcstrings */; };
		D30321212C1A322C00E6B401 /* AboutWindowView.swift in Sources */ = {isa = PBXBuildFile; fileRef = D30321202C1A322C00E6B401 /* AboutWindowView.swift */; };
		D30C58082AB91A5300A86426 /* resizeImage.swift in Sources */ = {isa = PBXBuildFile; fileRef = D30C58072AB91A5300A86426 /* resizeImage.swift */; };
		D3127DAE2B352803004343EF /* deleteAttachment.swift in Sources */ = {isa = PBXBuildFile; fileRef = D3127DAD2B352803004343EF /* deleteAttachment.swift */; };
		D3163CEA2ABBC91B00BC5F63 /* exportAttachment.swift in Sources */ = {isa = PBXBuildFile; fileRef = D3163CE92ABBC91B00BC5F63 /* exportAttachment.swift */; };
		D3282EB72AC26ED000A5CD80 /* HighlightableText.swift in Sources */ = {isa = PBXBuildFile; fileRef = D3282EB62AC26ED000A5CD80 /* HighlightableText.swift */; };
		D3282EBA2AC270DB00A5CD80 /* SearchBar.swift in Sources */ = {isa = PBXBuildFile; fileRef = D3282EB92AC270DB00A5CD80 /* SearchBar.swift */; };
		D33797EE2ABFA49800C5E6BC /* snakeToTitleCase.swift in Sources */ = {isa = PBXBuildFile; fileRef = D33797ED2ABFA49800C5E6BC /* snakeToTitleCase.swift */; };
		D33797F32ABFA9A800C5E6BC /* isDownloadLink.swift in Sources */ = {isa = PBXBuildFile; fileRef = D33797F22ABFA9A800C5E6BC /* isDownloadLink.swift */; };
		D33797F52ABFA9F200C5E6BC /* stringToClipboard.swift in Sources */ = {isa = PBXBuildFile; fileRef = D33797F42ABFA9F200C5E6BC /* stringToClipboard.swift */; };
		D33AB53B2AB8C8F400B49922 /* getCustomIcon.swift in Sources */ = {isa = PBXBuildFile; fileRef = D33AB53A2AB8C8F400B49922 /* getCustomIcon.swift */; };
		D369F4692AB7BE1A00D8C6B1 /* AppSettingsView.swift in Sources */ = {isa = PBXBuildFile; fileRef = D369F4682AB7BE1A00D8C6B1 /* AppSettingsView.swift */; };
		D369F46C2AB87CEA00D8C6B1 /* exportCSV.swift in Sources */ = {isa = PBXBuildFile; fileRef = D369F46B2AB87CEA00D8C6B1 /* exportCSV.swift */; };
		D369F46E2AB8838300D8C6B1 /* importCSV.swift in Sources */ = {isa = PBXBuildFile; fileRef = D369F46D2AB8838300D8C6B1 /* importCSV.swift */; };
		D38457792AC1DEE70057A34A /* EditFormState.swift in Sources */ = {isa = PBXBuildFile; fileRef = D38457782AC1DEE70057A34A /* EditFormState.swift */; };
		D3949C872AC4B11100D893CD /* daysUntilDeleted.swift in Sources */ = {isa = PBXBuildFile; fileRef = D3949C862AC4B11100D893CD /* daysUntilDeleted.swift */; };
		D395519F2B1C23E000BCF076 /* updateLicense.swift in Sources */ = {isa = PBXBuildFile; fileRef = D395519E2B1C23E000BCF076 /* updateLicense.swift */; };
		D39551A12B1C332B00BCF076 /* emptyTrash.swift in Sources */ = {isa = PBXBuildFile; fileRef = D39551A02B1C332B00BCF076 /* emptyTrash.swift */; };
		D39942B92AB5095B00B2DC39 /* Preview Assets.xcassets in Resources */ = {isa = PBXBuildFile; fileRef = D39942B82AB5095B00B2DC39 /* Preview Assets.xcassets */; };
		D39942D42AB509AF00B2DC39 /* KeyStashApp.swift in Sources */ = {isa = PBXBuildFile; fileRef = D39942C02AB509AE00B2DC39 /* KeyStashApp.swift */; };
		D39942D52AB509AF00B2DC39 /* AppState.swift in Sources */ = {isa = PBXBuildFile; fileRef = D39942C22AB509AE00B2DC39 /* AppState.swift */; };
		D39942D62AB509AF00B2DC39 /* FilePicker.swift in Sources */ = {isa = PBXBuildFile; fileRef = D39942C42AB509AE00B2DC39 /* FilePicker.swift */; };
		D39942D72AB509AF00B2DC39 /* Assets.xcassets in Resources */ = {isa = PBXBuildFile; fileRef = D39942C52AB509AE00B2DC39 /* Assets.xcassets */; };
		D39942D82AB509AF00B2DC39 /* LicenceInfoView.swift in Sources */ = {isa = PBXBuildFile; fileRef = D39942C82AB509AE00B2DC39 /* LicenceInfoView.swift */; };
		D39942DA2AB509AF00B2DC39 /* AddLicenseView.swift in Sources */ = {isa = PBXBuildFile; fileRef = D39942CA2AB509AE00B2DC39 /* AddLicenseView.swift */; };
		D39942DB2AB509AF00B2DC39 /* LicenseListView.swift in Sources */ = {isa = PBXBuildFile; fileRef = D39942CB2AB509AE00B2DC39 /* LicenseListView.swift */; };
		D39942DC2AB509AF00B2DC39 /* ContentView.swift in Sources */ = {isa = PBXBuildFile; fileRef = D39942CC2AB509AE00B2DC39 /* ContentView.swift */; };
		D39942DD2AB509AF00B2DC39 /* InstalledApp.swift in Sources */ = {isa = PBXBuildFile; fileRef = D39942CE2AB509AE00B2DC39 /* InstalledApp.swift */; };
		D39942DE2AB509AF00B2DC39 /* License.swift in Sources */ = {isa = PBXBuildFile; fileRef = D39942CF2AB509AE00B2DC39 /* License.swift */; };
		D39942DF2AB509AF00B2DC39 /* getNSImageAsData.swift in Sources */ = {isa = PBXBuildFile; fileRef = D39942D12AB509AF00B2DC39 /* getNSImageAsData.swift */; };
		D39942E02AB509AF00B2DC39 /* getInstalledApps.swift in Sources */ = {isa = PBXBuildFile; fileRef = D39942D22AB509AF00B2DC39 /* getInstalledApps.swift */; };
		D39942E12AB509AF00B2DC39 /* getAppIcon.swift in Sources */ = {isa = PBXBuildFile; fileRef = D39942D32AB509AF00B2DC39 /* getAppIcon.swift */; };
		D3AACD242B4623E4008D01A8 /* deleteLicense.swift in Sources */ = {isa = PBXBuildFile; fileRef = D3AACD232B4623E4008D01A8 /* deleteLicense.swift */; };
		D3B08F832AB6A5FD004715F5 /* MarkdownUI in Frameworks */ = {isa = PBXBuildFile; productRef = D3B08F822AB6A5FD004715F5 /* MarkdownUI */; };
		D3C6503B2AB74CF300E75461 /* MenuBar.swift in Sources */ = {isa = PBXBuildFile; fileRef = D3C6503A2AB74CF300E75461 /* MenuBar.swift */; };
		D3C961FE2B1BD8EB008BE15D /* GRDB in Frameworks */ = {isa = PBXBuildFile; productRef = D3C961FD2B1BD8EB008BE15D /* GRDB */; };
		D3C962002B1BDA6E008BE15D /* connectToDB.swift in Sources */ = {isa = PBXBuildFile; fileRef = D3C961FF2B1BDA6E008BE15D /* connectToDB.swift */; };
		D3C962032B1BDF10008BE15D /* addLicense.swift in Sources */ = {isa = PBXBuildFile; fileRef = D3C962022B1BDF10008BE15D /* addLicense.swift */; };
		D3C962052B1BDF8A008BE15D /* DatabaseManager.swift in Sources */ = {isa = PBXBuildFile; fileRef = D3C962042B1BDF8A008BE15D /* DatabaseManager.swift */; };
		D3CAF4B02B8BCC6000CB61D4 /* EditLicenseView.swift in Sources */ = {isa = PBXBuildFile; fileRef = D3CAF4AF2B8BCC6000CB61D4 /* EditLicenseView.swift */; };
		D3CFBED22ABB82C700C1D4BC /* getAttachment.swift in Sources */ = {isa = PBXBuildFile; fileRef = D3CFBED12ABB82C700C1D4BC /* getAttachment.swift */; };
		D3CFBED42ABB841D00C1D4BC /* Tag.swift in Sources */ = {isa = PBXBuildFile; fileRef = D3CFBED32ABB841D00C1D4BC /* Tag.swift */; };
		D3D3F6522B1D1DCA00E951B2 /* migrations.swift in Sources */ = {isa = PBXBuildFile; fileRef = D3D3F6512B1D1DCA00E951B2 /* migrations.swift */; };
		D3D3F6542B1E1A2F00E951B2 /* addAttachmentToLicense.swift in Sources */ = {isa = PBXBuildFile; fileRef = D3D3F6532B1E1A2F00E951B2 /* addAttachmentToLicense.swift */; };
		D3EC78912AC9DD0100C7E522 /* sortBy.swift in Sources */ = {isa = PBXBuildFile; fileRef = D3EC78902AC9DD0100C7E522 /* sortBy.swift */; };
		D3EDC9D82B73F0BD001D85B6 /* AlertToast in Frameworks */ = {isa = PBXBuildFile; productRef = D3EDC9D72B73F0BD001D85B6 /* AlertToast */; };
		D3F4B6EC2ABA25D3002AFDFD /* SidebarView.swift in Sources */ = {isa = PBXBuildFile; fileRef = D3F4B6EB2ABA25D3002AFDFD /* SidebarView.swift */; };
/* End PBXBuildFile section */

/* Begin PBXFileReference section */
		B0573CF62BB103CF00298E24 /* Localizable.xcstrings */ = {isa = PBXFileReference; lastKnownFileType = text.json.xcstrings; path = Localizable.xcstrings; sourceTree = "<group>"; };
		D30321202C1A322C00E6B401 /* AboutWindowView.swift */ = {isa = PBXFileReference; lastKnownFileType = sourcecode.swift; path = AboutWindowView.swift; sourceTree = "<group>"; };
		D30C58072AB91A5300A86426 /* resizeImage.swift */ = {isa = PBXFileReference; lastKnownFileType = sourcecode.swift; path = resizeImage.swift; sourceTree = "<group>"; };
		D3127DAD2B352803004343EF /* deleteAttachment.swift */ = {isa = PBXFileReference; lastKnownFileType = sourcecode.swift; path = deleteAttachment.swift; sourceTree = "<group>"; };
		D3163CE92ABBC91B00BC5F63 /* exportAttachment.swift */ = {isa = PBXFileReference; lastKnownFileType = sourcecode.swift; path = exportAttachment.swift; sourceTree = "<group>"; };
		D3282EB62AC26ED000A5CD80 /* HighlightableText.swift */ = {isa = PBXFileReference; lastKnownFileType = sourcecode.swift; path = HighlightableText.swift; sourceTree = "<group>"; };
		D3282EB92AC270DB00A5CD80 /* SearchBar.swift */ = {isa = PBXFileReference; lastKnownFileType = sourcecode.swift; path = SearchBar.swift; sourceTree = "<group>"; };
		D33797ED2ABFA49800C5E6BC /* snakeToTitleCase.swift */ = {isa = PBXFileReference; lastKnownFileType = sourcecode.swift; path = snakeToTitleCase.swift; sourceTree = "<group>"; };
		D33797F22ABFA9A800C5E6BC /* isDownloadLink.swift */ = {isa = PBXFileReference; lastKnownFileType = sourcecode.swift; path = isDownloadLink.swift; sourceTree = "<group>"; };
		D33797F42ABFA9F200C5E6BC /* stringToClipboard.swift */ = {isa = PBXFileReference; lastKnownFileType = sourcecode.swift; path = stringToClipboard.swift; sourceTree = "<group>"; };
		D33AB53A2AB8C8F400B49922 /* getCustomIcon.swift */ = {isa = PBXFileReference; lastKnownFileType = sourcecode.swift; path = getCustomIcon.swift; sourceTree = "<group>"; };
		D3416F2C2BB217F30023E205 /* screenshot.png */ = {isa = PBXFileReference; lastKnownFileType = image.png; path = screenshot.png; sourceTree = "<group>"; };
		D3416F2D2BB217F30023E205 /* LICENSE.md */ = {isa = PBXFileReference; lastKnownFileType = net.daringfireball.markdown; path = LICENSE.md; sourceTree = "<group>"; };
		D3416F2E2BB217F30023E205 /* README.md */ = {isa = PBXFileReference; lastKnownFileType = net.daringfireball.markdown; path = README.md; sourceTree = "<group>"; };
		D3416F2F2BB218250023E205 /* CONTRIBUTING.md */ = {isa = PBXFileReference; lastKnownFileType = net.daringfireball.markdown; path = CONTRIBUTING.md; sourceTree = "<group>"; };
		D3587C2D2AC34A04001CE2DC /* Serial-Box-Info.plist */ = {isa = PBXFileReference; lastKnownFileType = text.plist; path = "Serial-Box-Info.plist"; sourceTree = "<group>"; };
		D369F4682AB7BE1A00D8C6B1 /* AppSettingsView.swift */ = {isa = PBXFileReference; lastKnownFileType = sourcecode.swift; path = AppSettingsView.swift; sourceTree = "<group>"; };
		D369F46B2AB87CEA00D8C6B1 /* exportCSV.swift */ = {isa = PBXFileReference; lastKnownFileType = sourcecode.swift; path = exportCSV.swift; sourceTree = "<group>"; };
		D369F46D2AB8838300D8C6B1 /* importCSV.swift */ = {isa = PBXFileReference; lastKnownFileType = sourcecode.swift; path = importCSV.swift; sourceTree = "<group>"; };
		D38457782AC1DEE70057A34A /* EditFormState.swift */ = {isa = PBXFileReference; lastKnownFileType = sourcecode.swift; path = EditFormState.swift; sourceTree = "<group>"; };
		D3949C862AC4B11100D893CD /* daysUntilDeleted.swift */ = {isa = PBXFileReference; lastKnownFileType = sourcecode.swift; path = daysUntilDeleted.swift; sourceTree = "<group>"; };
		D395519E2B1C23E000BCF076 /* updateLicense.swift */ = {isa = PBXFileReference; lastKnownFileType = sourcecode.swift; path = updateLicense.swift; sourceTree = "<group>"; };
		D39551A02B1C332B00BCF076 /* emptyTrash.swift */ = {isa = PBXFileReference; lastKnownFileType = sourcecode.swift; path = emptyTrash.swift; sourceTree = "<group>"; };
		D39697912ABCCB8C00A9F664 /* PrivacyInfo.xcprivacy */ = {isa = PBXFileReference; lastKnownFileType = text.xml; name = PrivacyInfo.xcprivacy; path = Valet/PrivacyInfo.xcprivacy; sourceTree = SOURCE_ROOT; };
		D39942AC2AB5095A00B2DC39 /* KeyStash.app */ = {isa = PBXFileReference; explicitFileType = wrapper.application; includeInIndex = 0; path = KeyStash.app; sourceTree = BUILT_PRODUCTS_DIR; };
		D39942B82AB5095B00B2DC39 /* Preview Assets.xcassets */ = {isa = PBXFileReference; lastKnownFileType = folder.assetcatalog; path = "Preview Assets.xcassets"; sourceTree = "<group>"; };
		D39942BA2AB5095B00B2DC39 /* Valet.entitlements */ = {isa = PBXFileReference; lastKnownFileType = text.plist.entitlements; path = Valet.entitlements; sourceTree = "<group>"; };
		D39942C02AB509AE00B2DC39 /* KeyStashApp.swift */ = {isa = PBXFileReference; fileEncoding = 4; lastKnownFileType = sourcecode.swift; path = KeyStashApp.swift; sourceTree = "<group>"; };
		D39942C22AB509AE00B2DC39 /* AppState.swift */ = {isa = PBXFileReference; fileEncoding = 4; lastKnownFileType = sourcecode.swift; path = AppState.swift; sourceTree = "<group>"; };
		D39942C42AB509AE00B2DC39 /* FilePicker.swift */ = {isa = PBXFileReference; fileEncoding = 4; lastKnownFileType = sourcecode.swift; path = FilePicker.swift; sourceTree = "<group>"; };
		D39942C52AB509AE00B2DC39 /* Assets.xcassets */ = {isa = PBXFileReference; lastKnownFileType = folder.assetcatalog; path = Assets.xcassets; sourceTree = "<group>"; };
		D39942C82AB509AE00B2DC39 /* LicenceInfoView.swift */ = {isa = PBXFileReference; fileEncoding = 4; lastKnownFileType = sourcecode.swift; path = LicenceInfoView.swift; sourceTree = "<group>"; };
		D39942CA2AB509AE00B2DC39 /* AddLicenseView.swift */ = {isa = PBXFileReference; fileEncoding = 4; lastKnownFileType = sourcecode.swift; path = AddLicenseView.swift; sourceTree = "<group>"; };
		D39942CB2AB509AE00B2DC39 /* LicenseListView.swift */ = {isa = PBXFileReference; fileEncoding = 4; lastKnownFileType = sourcecode.swift; path = LicenseListView.swift; sourceTree = "<group>"; };
		D39942CC2AB509AE00B2DC39 /* ContentView.swift */ = {isa = PBXFileReference; fileEncoding = 4; lastKnownFileType = sourcecode.swift; path = ContentView.swift; sourceTree = "<group>"; };
		D39942CE2AB509AE00B2DC39 /* InstalledApp.swift */ = {isa = PBXFileReference; fileEncoding = 4; lastKnownFileType = sourcecode.swift; path = InstalledApp.swift; sourceTree = "<group>"; };
		D39942CF2AB509AE00B2DC39 /* License.swift */ = {isa = PBXFileReference; fileEncoding = 4; lastKnownFileType = sourcecode.swift; path = License.swift; sourceTree = "<group>"; };
		D39942D12AB509AF00B2DC39 /* getNSImageAsData.swift */ = {isa = PBXFileReference; fileEncoding = 4; lastKnownFileType = sourcecode.swift; path = getNSImageAsData.swift; sourceTree = "<group>"; };
		D39942D22AB509AF00B2DC39 /* getInstalledApps.swift */ = {isa = PBXFileReference; fileEncoding = 4; lastKnownFileType = sourcecode.swift; path = getInstalledApps.swift; sourceTree = "<group>"; };
		D39942D32AB509AF00B2DC39 /* getAppIcon.swift */ = {isa = PBXFileReference; fileEncoding = 4; lastKnownFileType = sourcecode.swift; path = getAppIcon.swift; sourceTree = "<group>"; };
		D3AACD232B4623E4008D01A8 /* deleteLicense.swift */ = {isa = PBXFileReference; lastKnownFileType = sourcecode.swift; path = deleteLicense.swift; sourceTree = "<group>"; };
		D3C6503A2AB74CF300E75461 /* MenuBar.swift */ = {isa = PBXFileReference; lastKnownFileType = sourcecode.swift; path = MenuBar.swift; sourceTree = "<group>"; };
		D3C961FF2B1BDA6E008BE15D /* connectToDB.swift */ = {isa = PBXFileReference; lastKnownFileType = sourcecode.swift; path = connectToDB.swift; sourceTree = "<group>"; };
		D3C962022B1BDF10008BE15D /* addLicense.swift */ = {isa = PBXFileReference; lastKnownFileType = sourcecode.swift; path = addLicense.swift; sourceTree = "<group>"; };
		D3C962042B1BDF8A008BE15D /* DatabaseManager.swift */ = {isa = PBXFileReference; lastKnownFileType = sourcecode.swift; path = DatabaseManager.swift; sourceTree = "<group>"; };
		D3CAF4AF2B8BCC6000CB61D4 /* EditLicenseView.swift */ = {isa = PBXFileReference; lastKnownFileType = sourcecode.swift; path = EditLicenseView.swift; sourceTree = "<group>"; };
		D3CFBED12ABB82C700C1D4BC /* getAttachment.swift */ = {isa = PBXFileReference; fileEncoding = 4; lastKnownFileType = sourcecode.swift; path = getAttachment.swift; sourceTree = "<group>"; };
		D3CFBED32ABB841D00C1D4BC /* Tag.swift */ = {isa = PBXFileReference; lastKnownFileType = sourcecode.swift; path = Tag.swift; sourceTree = "<group>"; };
		D3D3F6512B1D1DCA00E951B2 /* migrations.swift */ = {isa = PBXFileReference; lastKnownFileType = sourcecode.swift; path = migrations.swift; sourceTree = "<group>"; };
		D3D3F6532B1E1A2F00E951B2 /* addAttachmentToLicense.swift */ = {isa = PBXFileReference; lastKnownFileType = sourcecode.swift; path = addAttachmentToLicense.swift; sourceTree = "<group>"; };
		D3EC78902AC9DD0100C7E522 /* sortBy.swift */ = {isa = PBXFileReference; lastKnownFileType = sourcecode.swift; path = sortBy.swift; sourceTree = "<group>"; };
		D3F4B6EB2ABA25D3002AFDFD /* SidebarView.swift */ = {isa = PBXFileReference; lastKnownFileType = sourcecode.swift; path = SidebarView.swift; sourceTree = "<group>"; };
/* End PBXFileReference section */

/* Begin PBXFrameworksBuildPhase section */
		D39942A92AB5095A00B2DC39 /* Frameworks */ = {
			isa = PBXFrameworksBuildPhase;
			buildActionMask = 2147483647;
			files = (
				D3B08F832AB6A5FD004715F5 /* MarkdownUI in Frameworks */,
				D3EDC9D82B73F0BD001D85B6 /* AlertToast in Frameworks */,
				D3C961FE2B1BD8EB008BE15D /* GRDB in Frameworks */,
			);
			runOnlyForDeploymentPostprocessing = 0;
		};
/* End PBXFrameworksBuildPhase section */

/* Begin PBXGroup section */
		D3282EB82AC2708400A5CD80 /* AppKit */ = {
			isa = PBXGroup;
			children = (
				D3282EB62AC26ED000A5CD80 /* HighlightableText.swift */,
				D3282EB92AC270DB00A5CD80 /* SearchBar.swift */,
			);
			path = AppKit;
			sourceTree = "<group>";
		};
		D33797EF2ABFA89F00C5E6BC /* Utils */ = {
			isa = PBXGroup;
			children = (
				D39942D22AB509AF00B2DC39 /* getInstalledApps.swift */,
				D33797ED2ABFA49800C5E6BC /* snakeToTitleCase.swift */,
				D33797F22ABFA9A800C5E6BC /* isDownloadLink.swift */,
				D33797F42ABFA9F200C5E6BC /* stringToClipboard.swift */,
				D3949C862AC4B11100D893CD /* daysUntilDeleted.swift */,
				D3EC78902AC9DD0100C7E522 /* sortBy.swift */,
			);
			path = Utils;
			sourceTree = "<group>";
		};
		D33AB53C2AB8C95300B49922 /* AppIcons */ = {
			isa = PBXGroup;
			children = (
				D39942D32AB509AF00B2DC39 /* getAppIcon.swift */,
				D33AB53A2AB8C8F400B49922 /* getCustomIcon.swift */,
				D39942D12AB509AF00B2DC39 /* getNSImageAsData.swift */,
				D30C58072AB91A5300A86426 /* resizeImage.swift */,
			);
			path = AppIcons;
			sourceTree = "<group>";
		};
		D369F46A2AB87CC600D8C6B1 /* CSV */ = {
			isa = PBXGroup;
			children = (
				D369F46B2AB87CEA00D8C6B1 /* exportCSV.swift */,
				D369F46D2AB8838300D8C6B1 /* importCSV.swift */,
			);
			path = CSV;
			sourceTree = "<group>";
		};
		D39942A32AB5095A00B2DC39 = {
			isa = PBXGroup;
			children = (
				D3416F2F2BB218250023E205 /* CONTRIBUTING.md */,
				D3416F2D2BB217F30023E205 /* LICENSE.md */,
				D3416F2E2BB217F30023E205 /* README.md */,
				D3416F2C2BB217F30023E205 /* screenshot.png */,
				D3587C2D2AC34A04001CE2DC /* Serial-Box-Info.plist */,
				D39942AE2AB5095A00B2DC39 /* Valet */,
				D39942AD2AB5095A00B2DC39 /* Products */,
			);
			sourceTree = "<group>";
		};
		D39942AD2AB5095A00B2DC39 /* Products */ = {
			isa = PBXGroup;
			children = (
				D39942AC2AB5095A00B2DC39 /* KeyStash.app */,
			);
			name = Products;
			sourceTree = "<group>";
		};
		D39942AE2AB5095A00B2DC39 /* Valet */ = {
			isa = PBXGroup;
			children = (
				D39942C52AB509AE00B2DC39 /* Assets.xcassets */,
				B0573CF62BB103CF00298E24 /* Localizable.xcstrings */,
				D39942C02AB509AE00B2DC39 /* KeyStashApp.swift */,
				D3C6503A2AB74CF300E75461 /* MenuBar.swift */,
				D39697912ABCCB8C00A9F664 /* PrivacyInfo.xcprivacy */,
				D3C961F92B1BD7EE008BE15D /* Database */,
				D39942C32AB509AE00B2DC39 /* Extensions */,
				D39942D02AB509AF00B2DC39 /* Logic */,
				D39942CD2AB509AE00B2DC39 /* Models */,
				D39942C12AB509AE00B2DC39 /* ViewModels */,
				D39942C62AB509AE00B2DC39 /* Views */,
				D39942BA2AB5095B00B2DC39 /* Valet.entitlements */,
				D39942B72AB5095B00B2DC39 /* Preview Content */,
			);
			path = Valet;
			sourceTree = "<group>";
		};
		D39942B72AB5095B00B2DC39 /* Preview Content */ = {
			isa = PBXGroup;
			children = (
				D39942B82AB5095B00B2DC39 /* Preview Assets.xcassets */,
			);
			path = "Preview Content";
			sourceTree = "<group>";
		};
		D39942C12AB509AE00B2DC39 /* ViewModels */ = {
			isa = PBXGroup;
			children = (
				D39942C22AB509AE00B2DC39 /* AppState.swift */,
				D38457782AC1DEE70057A34A /* EditFormState.swift */,
				D3C962042B1BDF8A008BE15D /* DatabaseManager.swift */,
			);
			path = ViewModels;
			sourceTree = "<group>";
		};
		D39942C32AB509AE00B2DC39 /* Extensions */ = {
			isa = PBXGroup;
			children = (
				D39942C42AB509AE00B2DC39 /* FilePicker.swift */,
			);
			path = Extensions;
			sourceTree = "<group>";
		};
		D39942C62AB509AE00B2DC39 /* Views */ = {
			isa = PBXGroup;
			children = (
				D3282EB82AC2708400A5CD80 /* AppKit */,
				D39942C72AB509AE00B2DC39 /* LicenseViews */,
				D39942CC2AB509AE00B2DC39 /* ContentView.swift */,
				D369F4682AB7BE1A00D8C6B1 /* AppSettingsView.swift */,
				D3F4B6EB2ABA25D3002AFDFD /* SidebarView.swift */,
				D30321202C1A322C00E6B401 /* AboutWindowView.swift */,
			);
			path = Views;
			sourceTree = "<group>";
		};
		D39942C72AB509AE00B2DC39 /* LicenseViews */ = {
			isa = PBXGroup;
			children = (
				D39942C82AB509AE00B2DC39 /* LicenceInfoView.swift */,
				D39942CB2AB509AE00B2DC39 /* LicenseListView.swift */,
				D39942CA2AB509AE00B2DC39 /* AddLicenseView.swift */,
				D3CAF4AF2B8BCC6000CB61D4 /* EditLicenseView.swift */,
			);
			path = LicenseViews;
			sourceTree = "<group>";
		};
		D39942CD2AB509AE00B2DC39 /* Models */ = {
			isa = PBXGroup;
			children = (
				D39942CE2AB509AE00B2DC39 /* InstalledApp.swift */,
				D3CFBED52ABB848300C1D4BC /* PersistableRecord */,
			);
			path = Models;
			sourceTree = "<group>";
		};
		D39942D02AB509AF00B2DC39 /* Logic */ = {
			isa = PBXGroup;
			children = (
				D33797EF2ABFA89F00C5E6BC /* Utils */,
				D3CFBED02ABB82C700C1D4BC /* Attachments */,
				D33AB53C2AB8C95300B49922 /* AppIcons */,
				D369F46A2AB87CC600D8C6B1 /* CSV */,
			);
			path = Logic;
			sourceTree = "<group>";
		};
		D3AACD252B46241E008D01A8 /* License */ = {
			isa = PBXGroup;
			children = (
				D3C962022B1BDF10008BE15D /* addLicense.swift */,
				D395519E2B1C23E000BCF076 /* updateLicense.swift */,
				D3AACD232B4623E4008D01A8 /* deleteLicense.swift */,
			);
			path = License;
			sourceTree = "<group>";
		};
		D3AACD262B462432008D01A8 /* Attachment */ = {
			isa = PBXGroup;
			children = (
				D3D3F6532B1E1A2F00E951B2 /* addAttachmentToLicense.swift */,
				D3127DAD2B352803004343EF /* deleteAttachment.swift */,
			);
			path = Attachment;
			sourceTree = "<group>";
		};
		D3C961F92B1BD7EE008BE15D /* Database */ = {
			isa = PBXGroup;
			children = (
				D3C961FF2B1BDA6E008BE15D /* connectToDB.swift */,
				D3D3F6512B1D1DCA00E951B2 /* migrations.swift */,
				D3C962012B1BDEFF008BE15D /* Utils */,
			);
			path = Database;
			sourceTree = "<group>";
		};
		D3C962012B1BDEFF008BE15D /* Utils */ = {
			isa = PBXGroup;
			children = (
				D3AACD262B462432008D01A8 /* Attachment */,
				D3AACD252B46241E008D01A8 /* License */,
				D39551A02B1C332B00BCF076 /* emptyTrash.swift */,
			);
			path = Utils;
			sourceTree = "<group>";
		};
		D3CFBED02ABB82C700C1D4BC /* Attachments */ = {
			isa = PBXGroup;
			children = (
				D3CFBED12ABB82C700C1D4BC /* getAttachment.swift */,
				D3163CE92ABBC91B00BC5F63 /* exportAttachment.swift */,
			);
			path = Attachments;
			sourceTree = "<group>";
		};
		D3CFBED52ABB848300C1D4BC /* PersistableRecord */ = {
			isa = PBXGroup;
			children = (
				D39942CF2AB509AE00B2DC39 /* License.swift */,
				D3CFBED32ABB841D00C1D4BC /* Tag.swift */,
			);
			path = PersistableRecord;
			sourceTree = "<group>";
		};
/* End PBXGroup section */

/* Begin PBXNativeTarget section */
		D39942AB2AB5095A00B2DC39 /* KeyStash */ = {
			isa = PBXNativeTarget;
			buildConfigurationList = D39942BD2AB5095B00B2DC39 /* Build configuration list for PBXNativeTarget "KeyStash" */;
			buildPhases = (
				D39942A82AB5095A00B2DC39 /* Sources */,
				D39942A92AB5095A00B2DC39 /* Frameworks */,
				D39942AA2AB5095A00B2DC39 /* Resources */,
				D30A4FAD2B44E3FC004CA2DA /* ShellScript */,
			);
			buildRules = (
			);
			dependencies = (
			);
			name = KeyStash;
			packageProductDependencies = (
				D3B08F822AB6A5FD004715F5 /* MarkdownUI */,
				D3C961FD2B1BD8EB008BE15D /* GRDB */,
				D3EDC9D72B73F0BD001D85B6 /* AlertToast */,
			);
			productName = Valet;
			productReference = D39942AC2AB5095A00B2DC39 /* KeyStash.app */;
			productType = "com.apple.product-type.application";
		};
/* End PBXNativeTarget section */

/* Begin PBXProject section */
		D39942A42AB5095A00B2DC39 /* Project object */ = {
			isa = PBXProject;
			attributes = {
				BuildIndependentTargetsInParallel = 1;
				LastSwiftUpdateCheck = 1500;
				LastUpgradeCheck = 1500;
				TargetAttributes = {
					D39942AB2AB5095A00B2DC39 = {
						CreatedOnToolsVersion = 15.0;
						LastSwiftMigration = 1500;
					};
				};
			};
			buildConfigurationList = D39942A72AB5095A00B2DC39 /* Build configuration list for PBXProject "KeyStash" */;
			compatibilityVersion = "Xcode 15.0";
			developmentRegion = en;
			hasScannedForEncodings = 0;
			knownRegions = (
				en,
				Base,
				"zh-Hant",
			);
			mainGroup = D39942A32AB5095A00B2DC39;
			packageReferences = (
				D3B08F812AB6A5FD004715F5 /* XCRemoteSwiftPackageReference "swift-markdown-ui" */,
				D3C961FC2B1BD8EB008BE15D /* XCRemoteSwiftPackageReference "GRDB" */,
				D3EDC9D62B73F0BD001D85B6 /* XCRemoteSwiftPackageReference "AlertToast" */,
			);
			productRefGroup = D39942AD2AB5095A00B2DC39 /* Products */;
			projectDirPath = "";
			projectRoot = "";
			targets = (
				D39942AB2AB5095A00B2DC39 /* KeyStash */,
			);
		};
/* End PBXProject section */

/* Begin PBXResourcesBuildPhase section */
		D39942AA2AB5095A00B2DC39 /* Resources */ = {
			isa = PBXResourcesBuildPhase;
			buildActionMask = 2147483647;
			files = (
				D39942D72AB509AF00B2DC39 /* Assets.xcassets in Resources */,
				D39942B92AB5095B00B2DC39 /* Preview Assets.xcassets in Resources */,
				B0573CF92BB106AD00298E24 /* Localizable.xcstrings in Resources */,
			);
			runOnlyForDeploymentPostprocessing = 0;
		};
/* End PBXResourcesBuildPhase section */

/* Begin PBXShellScriptBuildPhase section */
		D30A4FAD2B44E3FC004CA2DA /* ShellScript */ = {
			isa = PBXShellScriptBuildPhase;
			alwaysOutOfDate = 1;
			buildActionMask = 2147483647;
			files = (
			);
			inputFileListPaths = (
			);
			inputPaths = (
			);
			outputFileListPaths = (
			);
			outputPaths = (
			);
			runOnlyForDeploymentPostprocessing = 0;
			shellPath = /bin/sh;
			shellScript = "if [ \"${CONFIGURATION}\" = \"Release\" ]; then\n    buildNumber=$(git rev-list --count head)\n    /usr/libexec/PlistBuddy -c \"Set :CFBundleVersion $buildNumber\" \"${TARGET_BUILD_DIR}/${INFOPLIST_PATH}\"\nfi\n";
		};
/* End PBXShellScriptBuildPhase section */

/* Begin PBXSourcesBuildPhase section */
		D39942A82AB5095A00B2DC39 /* Sources */ = {
			isa = PBXSourcesBuildPhase;
			buildActionMask = 2147483647;
			files = (
				D39942DA2AB509AF00B2DC39 /* AddLicenseView.swift in Sources */,
				D3AACD242B4623E4008D01A8 /* deleteLicense.swift in Sources */,
				D39551A12B1C332B00BCF076 /* emptyTrash.swift in Sources */,
				D39942DD2AB509AF00B2DC39 /* InstalledApp.swift in Sources */,
				D39942E12AB509AF00B2DC39 /* getAppIcon.swift in Sources */,
				D39942DC2AB509AF00B2DC39 /* ContentView.swift in Sources */,
				D38457792AC1DEE70057A34A /* EditFormState.swift in Sources */,
				D3282EBA2AC270DB00A5CD80 /* SearchBar.swift in Sources */,
				D30C58082AB91A5300A86426 /* resizeImage.swift in Sources */,
				D39942D62AB509AF00B2DC39 /* FilePicker.swift in Sources */,
				D39942D42AB509AF00B2DC39 /* KeyStashApp.swift in Sources */,
				D39942DF2AB509AF00B2DC39 /* getNSImageAsData.swift in Sources */,
				D39942D52AB509AF00B2DC39 /* AppState.swift in Sources */,
				D3127DAE2B352803004343EF /* deleteAttachment.swift in Sources */,
				D3F4B6EC2ABA25D3002AFDFD /* SidebarView.swift in Sources */,
				D3163CEA2ABBC91B00BC5F63 /* exportAttachment.swift in Sources */,
				D395519F2B1C23E000BCF076 /* updateLicense.swift in Sources */,
				D369F4692AB7BE1A00D8C6B1 /* AppSettingsView.swift in Sources */,
				D33797F32ABFA9A800C5E6BC /* isDownloadLink.swift in Sources */,
				D3D3F6522B1D1DCA00E951B2 /* migrations.swift in Sources */,
				D3C962032B1BDF10008BE15D /* addLicense.swift in Sources */,
				D33797F52ABFA9F200C5E6BC /* stringToClipboard.swift in Sources */,
				D33AB53B2AB8C8F400B49922 /* getCustomIcon.swift in Sources */,
				D3CFBED42ABB841D00C1D4BC /* Tag.swift in Sources */,
				D3282EB72AC26ED000A5CD80 /* HighlightableText.swift in Sources */,
				D39942DE2AB509AF00B2DC39 /* License.swift in Sources */,
				D39942E02AB509AF00B2DC39 /* getInstalledApps.swift in Sources */,
				D3EC78912AC9DD0100C7E522 /* sortBy.swift in Sources */,
				D39942DB2AB509AF00B2DC39 /* LicenseListView.swift in Sources */,
				D3CAF4B02B8BCC6000CB61D4 /* EditLicenseView.swift in Sources */,
				D369F46C2AB87CEA00D8C6B1 /* exportCSV.swift in Sources */,
				D3C6503B2AB74CF300E75461 /* MenuBar.swift in Sources */,
				D33797EE2ABFA49800C5E6BC /* snakeToTitleCase.swift in Sources */,
				D39942D82AB509AF00B2DC39 /* LicenceInfoView.swift in Sources */,
				D30321212C1A322C00E6B401 /* AboutWindowView.swift in Sources */,
				D3CFBED22ABB82C700C1D4BC /* getAttachment.swift in Sources */,
				D3C962002B1BDA6E008BE15D /* connectToDB.swift in Sources */,
				D369F46E2AB8838300D8C6B1 /* importCSV.swift in Sources */,
				D3949C872AC4B11100D893CD /* daysUntilDeleted.swift in Sources */,
				D3D3F6542B1E1A2F00E951B2 /* addAttachmentToLicense.swift in Sources */,
				D3C962052B1BDF8A008BE15D /* DatabaseManager.swift in Sources */,
			);
			runOnlyForDeploymentPostprocessing = 0;
		};
/* End PBXSourcesBuildPhase section */

/* Begin XCBuildConfiguration section */
		D39942BB2AB5095B00B2DC39 /* Debug */ = {
			isa = XCBuildConfiguration;
			buildSettings = {
				ALWAYS_SEARCH_USER_PATHS = NO;
				ASSETCATALOG_COMPILER_GENERATE_SWIFT_ASSET_SYMBOL_EXTENSIONS = YES;
				CLANG_ANALYZER_NONNULL = YES;
				CLANG_ANALYZER_NUMBER_OBJECT_CONVERSION = YES_AGGRESSIVE;
				CLANG_CXX_LANGUAGE_STANDARD = "gnu++20";
				CLANG_ENABLE_MODULES = YES;
				CLANG_ENABLE_OBJC_ARC = YES;
				CLANG_ENABLE_OBJC_WEAK = YES;
				CLANG_WARN_BLOCK_CAPTURE_AUTORELEASING = YES;
				CLANG_WARN_BOOL_CONVERSION = YES;
				CLANG_WARN_COMMA = YES;
				CLANG_WARN_CONSTANT_CONVERSION = YES;
				CLANG_WARN_DEPRECATED_OBJC_IMPLEMENTATIONS = YES;
				CLANG_WARN_DIRECT_OBJC_ISA_USAGE = YES_ERROR;
				CLANG_WARN_DOCUMENTATION_COMMENTS = YES;
				CLANG_WARN_EMPTY_BODY = YES;
				CLANG_WARN_ENUM_CONVERSION = YES;
				CLANG_WARN_INFINITE_RECURSION = YES;
				CLANG_WARN_INT_CONVERSION = YES;
				CLANG_WARN_NON_LITERAL_NULL_CONVERSION = YES;
				CLANG_WARN_OBJC_IMPLICIT_RETAIN_SELF = YES;
				CLANG_WARN_OBJC_LITERAL_CONVERSION = YES;
				CLANG_WARN_OBJC_ROOT_CLASS = YES_ERROR;
				CLANG_WARN_QUOTED_INCLUDE_IN_FRAMEWORK_HEADER = YES;
				CLANG_WARN_RANGE_LOOP_ANALYSIS = YES;
				CLANG_WARN_STRICT_PROTOTYPES = YES;
				CLANG_WARN_SUSPICIOUS_MOVE = YES;
				CLANG_WARN_UNGUARDED_AVAILABILITY = YES_AGGRESSIVE;
				CLANG_WARN_UNREACHABLE_CODE = YES;
				CLANG_WARN__DUPLICATE_METHOD_MATCH = YES;
				COPY_PHASE_STRIP = NO;
				DEBUG_INFORMATION_FORMAT = dwarf;
				ENABLE_STRICT_OBJC_MSGSEND = YES;
				ENABLE_TESTABILITY = YES;
				ENABLE_USER_SCRIPT_SANDBOXING = YES;
				GCC_C_LANGUAGE_STANDARD = gnu17;
				GCC_DYNAMIC_NO_PIC = NO;
				GCC_NO_COMMON_BLOCKS = YES;
				GCC_OPTIMIZATION_LEVEL = 0;
				GCC_PREPROCESSOR_DEFINITIONS = (
					"DEBUG=1",
					"$(inherited)",
				);
				GCC_WARN_64_TO_32_BIT_CONVERSION = YES;
				GCC_WARN_ABOUT_RETURN_TYPE = YES_ERROR;
				GCC_WARN_UNDECLARED_SELECTOR = YES;
				GCC_WARN_UNINITIALIZED_AUTOS = YES_AGGRESSIVE;
				GCC_WARN_UNUSED_FUNCTION = YES;
				GCC_WARN_UNUSED_VARIABLE = YES;
				LOCALIZATION_PREFERS_STRING_CATALOGS = YES;
				MACOSX_DEPLOYMENT_TARGET = 14.0;
				MTL_ENABLE_DEBUG_INFO = INCLUDE_SOURCE;
				MTL_FAST_MATH = YES;
				ONLY_ACTIVE_ARCH = YES;
				SDKROOT = macosx;
				SWIFT_ACTIVE_COMPILATION_CONDITIONS = "DEBUG $(inherited)";
				SWIFT_OPTIMIZATION_LEVEL = "-Onone";
			};
			name = Debug;
		};
		D39942BC2AB5095B00B2DC39 /* Release */ = {
			isa = XCBuildConfiguration;
			buildSettings = {
				ALWAYS_SEARCH_USER_PATHS = NO;
				ASSETCATALOG_COMPILER_GENERATE_SWIFT_ASSET_SYMBOL_EXTENSIONS = YES;
				CLANG_ANALYZER_NONNULL = YES;
				CLANG_ANALYZER_NUMBER_OBJECT_CONVERSION = YES_AGGRESSIVE;
				CLANG_CXX_LANGUAGE_STANDARD = "gnu++20";
				CLANG_ENABLE_MODULES = YES;
				CLANG_ENABLE_OBJC_ARC = YES;
				CLANG_ENABLE_OBJC_WEAK = YES;
				CLANG_WARN_BLOCK_CAPTURE_AUTORELEASING = YES;
				CLANG_WARN_BOOL_CONVERSION = YES;
				CLANG_WARN_COMMA = YES;
				CLANG_WARN_CONSTANT_CONVERSION = YES;
				CLANG_WARN_DEPRECATED_OBJC_IMPLEMENTATIONS = YES;
				CLANG_WARN_DIRECT_OBJC_ISA_USAGE = YES_ERROR;
				CLANG_WARN_DOCUMENTATION_COMMENTS = YES;
				CLANG_WARN_EMPTY_BODY = YES;
				CLANG_WARN_ENUM_CONVERSION = YES;
				CLANG_WARN_INFINITE_RECURSION = YES;
				CLANG_WARN_INT_CONVERSION = YES;
				CLANG_WARN_NON_LITERAL_NULL_CONVERSION = YES;
				CLANG_WARN_OBJC_IMPLICIT_RETAIN_SELF = YES;
				CLANG_WARN_OBJC_LITERAL_CONVERSION = YES;
				CLANG_WARN_OBJC_ROOT_CLASS = YES_ERROR;
				CLANG_WARN_QUOTED_INCLUDE_IN_FRAMEWORK_HEADER = YES;
				CLANG_WARN_RANGE_LOOP_ANALYSIS = YES;
				CLANG_WARN_STRICT_PROTOTYPES = YES;
				CLANG_WARN_SUSPICIOUS_MOVE = YES;
				CLANG_WARN_UNGUARDED_AVAILABILITY = YES_AGGRESSIVE;
				CLANG_WARN_UNREACHABLE_CODE = YES;
				CLANG_WARN__DUPLICATE_METHOD_MATCH = YES;
				COPY_PHASE_STRIP = NO;
				DEBUG_INFORMATION_FORMAT = "dwarf-with-dsym";
				ENABLE_NS_ASSERTIONS = NO;
				ENABLE_STRICT_OBJC_MSGSEND = YES;
				ENABLE_USER_SCRIPT_SANDBOXING = YES;
				GCC_C_LANGUAGE_STANDARD = gnu17;
				GCC_NO_COMMON_BLOCKS = YES;
				GCC_WARN_64_TO_32_BIT_CONVERSION = YES;
				GCC_WARN_ABOUT_RETURN_TYPE = YES_ERROR;
				GCC_WARN_UNDECLARED_SELECTOR = YES;
				GCC_WARN_UNINITIALIZED_AUTOS = YES_AGGRESSIVE;
				GCC_WARN_UNUSED_FUNCTION = YES;
				GCC_WARN_UNUSED_VARIABLE = YES;
				LOCALIZATION_PREFERS_STRING_CATALOGS = YES;
				MACOSX_DEPLOYMENT_TARGET = 14.0;
				MTL_ENABLE_DEBUG_INFO = NO;
				MTL_FAST_MATH = YES;
				SDKROOT = macosx;
				SWIFT_COMPILATION_MODE = wholemodule;
			};
			name = Release;
		};
		D39942BE2AB5095B00B2DC39 /* Debug */ = {
			isa = XCBuildConfiguration;
			buildSettings = {
				ASSETCATALOG_COMPILER_APPICON_NAME = AppIcon;
				ASSETCATALOG_COMPILER_GLOBAL_ACCENT_COLOR_NAME = AccentColor;
				CLANG_ENABLE_MODULES = YES;
				CODE_SIGN_ENTITLEMENTS = Valet/Valet.entitlements;
				"CODE_SIGN_IDENTITY[sdk=macosx*]" = "Apple Development";
				CODE_SIGN_STYLE = Automatic;
				COMBINE_HIDPI_IMAGES = YES;
				DEVELOPMENT_ASSET_PATHS = "\"Valet/Preview Content\"";
				DEVELOPMENT_TEAM = B3DFV278UN;
				ENABLE_HARDENED_RUNTIME = YES;
				ENABLE_PREVIEWS = YES;
				ENABLE_USER_SCRIPT_SANDBOXING = NO;
				GENERATE_INFOPLIST_FILE = YES;
				INFOPLIST_FILE = "Serial-Box-Info.plist";
				INFOPLIST_KEY_CFBundleDisplayName = KeyStash;
				INFOPLIST_KEY_LSApplicationCategoryType = "public.app-category.utilities";
				INFOPLIST_KEY_NSHumanReadableCopyright = "";
				LD_RUNPATH_SEARCH_PATHS = (
					"$(inherited)",
					"@executable_path/../Frameworks",
				);
				MACOSX_DEPLOYMENT_TARGET = 14.0;
				MARKETING_VERSION = 0.3.0;
				PRODUCT_BUNDLE_IDENTIFIER = com.ghalldev.KeyStash;
				PRODUCT_NAME = "$(TARGET_NAME)";
				SUPPORTED_PLATFORMS = macosx;
				SUPPORTS_MACCATALYST = NO;
				SWIFT_EMIT_LOC_STRINGS = YES;
				SWIFT_OPTIMIZATION_LEVEL = "-Onone";
				SWIFT_VERSION = 5.0;
			};
			name = Debug;
		};
		D39942BF2AB5095B00B2DC39 /* Release */ = {
			isa = XCBuildConfiguration;
			buildSettings = {
				ASSETCATALOG_COMPILER_APPICON_NAME = AppIcon;
				ASSETCATALOG_COMPILER_GLOBAL_ACCENT_COLOR_NAME = AccentColor;
				CLANG_ENABLE_MODULES = YES;
				CODE_SIGN_ENTITLEMENTS = Valet/Valet.entitlements;
				"CODE_SIGN_IDENTITY[sdk=macosx*]" = "Apple Development";
				CODE_SIGN_STYLE = Automatic;
				COMBINE_HIDPI_IMAGES = YES;
				DEVELOPMENT_ASSET_PATHS = "\"Valet/Preview Content\"";
				DEVELOPMENT_TEAM = B3DFV278UN;
				ENABLE_HARDENED_RUNTIME = YES;
				ENABLE_PREVIEWS = YES;
				ENABLE_USER_SCRIPT_SANDBOXING = NO;
				GENERATE_INFOPLIST_FILE = YES;
				INFOPLIST_FILE = "Serial-Box-Info.plist";
				INFOPLIST_KEY_CFBundleDisplayName = KeyStash;
				INFOPLIST_KEY_LSApplicationCategoryType = "public.app-category.utilities";
				INFOPLIST_KEY_NSHumanReadableCopyright = "";
				LD_RUNPATH_SEARCH_PATHS = (
					"$(inherited)",
					"@executable_path/../Frameworks",
				);
				MACOSX_DEPLOYMENT_TARGET = 14.0;
				MARKETING_VERSION = 0.3.0;
				PRODUCT_BUNDLE_IDENTIFIER = com.ghalldev.KeyStash;
				PRODUCT_NAME = "$(TARGET_NAME)";
				SUPPORTED_PLATFORMS = macosx;
				SUPPORTS_MACCATALYST = NO;
				SWIFT_EMIT_LOC_STRINGS = YES;
				SWIFT_VERSION = 5.0;
			};
			name = Release;
		};
/* End XCBuildConfiguration section */

/* Begin XCConfigurationList section */
		D39942A72AB5095A00B2DC39 /* Build configuration list for PBXProject "KeyStash" */ = {
			isa = XCConfigurationList;
			buildConfigurations = (
				D39942BB2AB5095B00B2DC39 /* Debug */,
				D39942BC2AB5095B00B2DC39 /* Release */,
			);
			defaultConfigurationIsVisible = 0;
			defaultConfigurationName = Release;
		};
		D39942BD2AB5095B00B2DC39 /* Build configuration list for PBXNativeTarget "KeyStash" */ = {
			isa = XCConfigurationList;
			buildConfigurations = (
				D39942BE2AB5095B00B2DC39 /* Debug */,
				D39942BF2AB5095B00B2DC39 /* Release */,
			);
			defaultConfigurationIsVisible = 0;
			defaultConfigurationName = Release;
		};
/* End XCConfigurationList section */

/* Begin XCRemoteSwiftPackageReference section */
		D3B08F812AB6A5FD004715F5 /* XCRemoteSwiftPackageReference "swift-markdown-ui" */ = {
			isa = XCRemoteSwiftPackageReference;
			repositoryURL = "https://github.com/gonzalezreal/swift-markdown-ui";
			requirement = {
				kind = upToNextMajorVersion;
				minimumVersion = 2.2.0;
			};
		};
		D3C961FC2B1BD8EB008BE15D /* XCRemoteSwiftPackageReference "GRDB" */ = {
			isa = XCRemoteSwiftPackageReference;
			repositoryURL = "https://github.com/groue/GRDB.swift";
			requirement = {
				branch = master;
				kind = branch;
			};
		};
		D3EDC9D62B73F0BD001D85B6 /* XCRemoteSwiftPackageReference "AlertToast" */ = {
			isa = XCRemoteSwiftPackageReference;
			repositoryURL = "https://github.com/elai950/AlertToast.git";
			requirement = {
				kind = upToNextMajorVersion;
				minimumVersion = 1.3.9;
			};
		};
/* End XCRemoteSwiftPackageReference section */

/* Begin XCSwiftPackageProductDependency section */
		D3B08F822AB6A5FD004715F5 /* MarkdownUI */ = {
			isa = XCSwiftPackageProductDependency;
			package = D3B08F812AB6A5FD004715F5 /* XCRemoteSwiftPackageReference "swift-markdown-ui" */;
			productName = MarkdownUI;
		};
		D3C961FD2B1BD8EB008BE15D /* GRDB */ = {
			isa = XCSwiftPackageProductDependency;
			package = D3C961FC2B1BD8EB008BE15D /* XCRemoteSwiftPackageReference "GRDB" */;
			productName = GRDB;
		};
		D3EDC9D72B73F0BD001D85B6 /* AlertToast */ = {
			isa = XCSwiftPackageProductDependency;
			package = D3EDC9D62B73F0BD001D85B6 /* XCRemoteSwiftPackageReference "AlertToast" */;
			productName = AlertToast;
		};
/* End XCSwiftPackageProductDependency section */
	};
	rootObject = D39942A42AB5095A00B2DC39 /* Project object */;
}
